
Microsoft Visual Studio Solution File, Format Version 12.00
# Visual Studio Version 17
VisualStudioVersion = 17.7.34031.279
MinimumVisualStudioVersion = 10.0.40219.1
Project("{FAE04EC0-301F-11D3-BF4B-00C04F79EFBC}") = "practise03", "practise03\practise03.csproj", "{731AE0CD-598D-4734-9C47-3B91D91CE5A1}"
EndProject
Global
	GlobalSection(SolutionConfigurationPlatforms) = preSolution
		Debug|Any CPU = Debug|Any CPU
		Release|Any CPU = Release|Any CPU
	EndGlobalSection
	GlobalSection(ProjectConfigurationPlatforms) = postSolution
		{731AE0CD-598D-4734-9C47-3B91D91CE5A1}.Debug|Any CPU.ActiveCfg = Debug|Any CPU
		{731AE0CD-598D-4734-9C47-3B91D91CE5A1}.Debug|Any CPU.Build.0 = Debug|Any CPU
		{731AE0CD-598D-4734-9C47-3B91D91CE5A1}.Release|Any CPU.ActiveCfg = Release|Any CPU
		{731AE0CD-598D-4734-9C47-3B91D91CE5A1}.Release|Any CPU.Build.0 = Release|Any CPU
	EndGlobalSection
	GlobalSection(SolutionProperties) = preSolution
		HideSolutionNode = FALSE
	EndGlobalSection
	GlobalSection(ExtensibilityGlobals) = postSolution
		SolutionGuid = {A77741B3-F7AA-4D03-B158-34432FC5AAC5}
	EndGlobalSection
EndGlobal
